// !$*UTF8*$!
{
	archiveVersion = 1;
	classes = {
	};
	objectVersion = 51;
	objects = {

/* Begin PBXBuildFile section */
		0B8C5BC641E252747D27E60A /* Pods_SPHTest.framework in Frameworks */ = {isa = PBXBuildFile; fileRef = EBEF6994BE02EE0F1A6F0483 /* Pods_SPHTest.framework */; };
		929AF53F2347310000646FD1 /* AppDelegate.swift in Sources */ = {isa = PBXBuildFile; fileRef = 929AF53E2347310000646FD1 /* AppDelegate.swift */; };
		929AF5412347310000646FD1 /* ViewController.swift in Sources */ = {isa = PBXBuildFile; fileRef = 929AF5402347310000646FD1 /* ViewController.swift */; };
		929AF5442347310000646FD1 /* Main.storyboard in Resources */ = {isa = PBXBuildFile; fileRef = 929AF5422347310000646FD1 /* Main.storyboard */; };
		929AF5472347310000646FD1 /* SPHTest.xcdatamodeld in Sources */ = {isa = PBXBuildFile; fileRef = 929AF5452347310000646FD1 /* SPHTest.xcdatamodeld */; };
		929AF5492347310300646FD1 /* Assets.xcassets in Resources */ = {isa = PBXBuildFile; fileRef = 929AF5482347310300646FD1 /* Assets.xcassets */; };
		929AF54C2347310300646FD1 /* LaunchScreen.storyboard in Resources */ = {isa = PBXBuildFile; fileRef = 929AF54A2347310300646FD1 /* LaunchScreen.storyboard */; };
		929AF5572347310300646FD1 /* SPHTestTests.swift in Sources */ = {isa = PBXBuildFile; fileRef = 929AF5562347310300646FD1 /* SPHTestTests.swift */; };
		929AF5622347310300646FD1 /* SPHTestUITests.swift in Sources */ = {isa = PBXBuildFile; fileRef = 929AF5612347310300646FD1 /* SPHTestUITests.swift */; };
		929AF573234733C100646FD1 /* TableViewCell.swift in Sources */ = {isa = PBXBuildFile; fileRef = 929AF571234733C100646FD1 /* TableViewCell.swift */; };
		929AF574234733C100646FD1 /* TableViewCell.xib in Resources */ = {isa = PBXBuildFile; fileRef = 929AF572234733C100646FD1 /* TableViewCell.xib */; };
		929AF5762347351C00646FD1 /* APIManager.swift in Sources */ = {isa = PBXBuildFile; fileRef = 929AF5752347351C00646FD1 /* APIManager.swift */; };
		929AF5782347355600646FD1 /* GlobalVariable.swift in Sources */ = {isa = PBXBuildFile; fileRef = 929AF5772347354F00646FD1 /* GlobalVariable.swift */; };
		F0E90BBC1F22F94B9A0FE29D /* Pods_SPHTestUITests.framework in Frameworks */ = {isa = PBXBuildFile; fileRef = A289B1CD94F9DEFB772207CC /* Pods_SPHTestUITests.framework */; };
		F86C9AD1D2E55612FB25DA3B /* Pods_SPHTestTests.framework in Frameworks */ = {isa = PBXBuildFile; fileRef = 00C064A461279C164362D3BF /* Pods_SPHTestTests.framework */; };
/* End PBXBuildFile section */

/* Begin PBXContainerItemProxy section */
		929AF5532347310300646FD1 /* PBXContainerItemProxy */ = {
			isa = PBXContainerItemProxy;
			containerPortal = 929AF5332347310000646FD1 /* Project object */;
			proxyType = 1;
			remoteGlobalIDString = 929AF53A2347310000646FD1;
			remoteInfo = SPHTest;
		};
		929AF55E2347310300646FD1 /* PBXContainerItemProxy */ = {
			isa = PBXContainerItemProxy;
			containerPortal = 929AF5332347310000646FD1 /* Project object */;
			proxyType = 1;
			remoteGlobalIDString = 929AF53A2347310000646FD1;
			remoteInfo = SPHTest;
		};
/* End PBXContainerItemProxy section */

/* Begin PBXFileReference section */
		00C064A461279C164362D3BF /* Pods_SPHTestTests.framework */ = {isa = PBXFileReference; explicitFileType = wrapper.framework; includeInIndex = 0; path = Pods_SPHTestTests.framework; sourceTree = BUILT_PRODUCTS_DIR; };
		163538186A16E3898F3CB1F2 /* Pods-SPHTestTests.release.xcconfig */ = {isa = PBXFileReference; includeInIndex = 1; lastKnownFileType = text.xcconfig; name = "Pods-SPHTestTests.release.xcconfig"; path = "Target Support Files/Pods-SPHTestTests/Pods-SPHTestTests.release.xcconfig"; sourceTree = "<group>"; };
		1C8C3CA59EA26303B488BADF /* Pods-SPHTest.debug.xcconfig */ = {isa = PBXFileReference; includeInIndex = 1; lastKnownFileType = text.xcconfig; name = "Pods-SPHTest.debug.xcconfig"; path = "Target Support Files/Pods-SPHTest/Pods-SPHTest.debug.xcconfig"; sourceTree = "<group>"; };
		2160A2AAB6091338224162E2 /* Pods-SPHTestTests.debug.xcconfig */ = {isa = PBXFileReference; includeInIndex = 1; lastKnownFileType = text.xcconfig; name = "Pods-SPHTestTests.debug.xcconfig"; path = "Target Support Files/Pods-SPHTestTests/Pods-SPHTestTests.debug.xcconfig"; sourceTree = "<group>"; };
		48216C0A80213853E0CF8C43 /* Pods-SPHTest.release.xcconfig */ = {isa = PBXFileReference; includeInIndex = 1; lastKnownFileType = text.xcconfig; name = "Pods-SPHTest.release.xcconfig"; path = "Target Support Files/Pods-SPHTest/Pods-SPHTest.release.xcconfig"; sourceTree = "<group>"; };
		929AF53B2347310000646FD1 /* SPHTest.app */ = {isa = PBXFileReference; explicitFileType = wrapper.application; includeInIndex = 0; path = SPHTest.app; sourceTree = BUILT_PRODUCTS_DIR; };
		929AF53E2347310000646FD1 /* AppDelegate.swift */ = {isa = PBXFileReference; lastKnownFileType = sourcecode.swift; path = AppDelegate.swift; sourceTree = "<group>"; };
		929AF5402347310000646FD1 /* ViewController.swift */ = {isa = PBXFileReference; lastKnownFileType = sourcecode.swift; path = ViewController.swift; sourceTree = "<group>"; };
		929AF5432347310000646FD1 /* Base */ = {isa = PBXFileReference; lastKnownFileType = file.storyboard; name = Base; path = Base.lproj/Main.storyboard; sourceTree = "<group>"; };
		929AF5462347310000646FD1 /* SPHTest.xcdatamodel */ = {isa = PBXFileReference; lastKnownFileType = wrapper.xcdatamodel; path = SPHTest.xcdatamodel; sourceTree = "<group>"; };
		929AF5482347310300646FD1 /* Assets.xcassets */ = {isa = PBXFileReference; lastKnownFileType = folder.assetcatalog; path = Assets.xcassets; sourceTree = "<group>"; };
		929AF54B2347310300646FD1 /* Base */ = {isa = PBXFileReference; lastKnownFileType = file.storyboard; name = Base; path = Base.lproj/LaunchScreen.storyboard; sourceTree = "<group>"; };
		929AF54D2347310300646FD1 /* Info.plist */ = {isa = PBXFileReference; lastKnownFileType = text.plist.xml; path = Info.plist; sourceTree = "<group>"; };
		929AF5522347310300646FD1 /* SPHTestTests.xctest */ = {isa = PBXFileReference; explicitFileType = wrapper.cfbundle; includeInIndex = 0; path = SPHTestTests.xctest; sourceTree = BUILT_PRODUCTS_DIR; };
		929AF5562347310300646FD1 /* SPHTestTests.swift */ = {isa = PBXFileReference; lastKnownFileType = sourcecode.swift; path = SPHTestTests.swift; sourceTree = "<group>"; };
		929AF5582347310300646FD1 /* Info.plist */ = {isa = PBXFileReference; lastKnownFileType = text.plist.xml; path = Info.plist; sourceTree = "<group>"; };
		929AF55D2347310300646FD1 /* SPHTestUITests.xctest */ = {isa = PBXFileReference; explicitFileType = wrapper.cfbundle; includeInIndex = 0; path = SPHTestUITests.xctest; sourceTree = BUILT_PRODUCTS_DIR; };
		929AF5612347310300646FD1 /* SPHTestUITests.swift */ = {isa = PBXFileReference; lastKnownFileType = sourcecode.swift; path = SPHTestUITests.swift; sourceTree = "<group>"; };
		929AF5632347310300646FD1 /* Info.plist */ = {isa = PBXFileReference; lastKnownFileType = text.plist.xml; path = Info.plist; sourceTree = "<group>"; };
		929AF571234733C100646FD1 /* TableViewCell.swift */ = {isa = PBXFileReference; lastKnownFileType = sourcecode.swift; path = TableViewCell.swift; sourceTree = "<group>"; };
		929AF572234733C100646FD1 /* TableViewCell.xib */ = {isa = PBXFileReference; lastKnownFileType = file.xib; path = TableViewCell.xib; sourceTree = "<group>"; };
		929AF5752347351C00646FD1 /* APIManager.swift */ = {isa = PBXFileReference; fileEncoding = 4; lastKnownFileType = sourcecode.swift; path = APIManager.swift; sourceTree = "<group>"; };
		929AF5772347354F00646FD1 /* GlobalVariable.swift */ = {isa = PBXFileReference; fileEncoding = 4; lastKnownFileType = sourcecode.swift; path = GlobalVariable.swift; sourceTree = "<group>"; };
		9908E758E6BA0FEA7A26F19F /* Pods-SPHTestUITests.release.xcconfig */ = {isa = PBXFileReference; includeInIndex = 1; lastKnownFileType = text.xcconfig; name = "Pods-SPHTestUITests.release.xcconfig"; path = "Target Support Files/Pods-SPHTestUITests/Pods-SPHTestUITests.release.xcconfig"; sourceTree = "<group>"; };
		A289B1CD94F9DEFB772207CC /* Pods_SPHTestUITests.framework */ = {isa = PBXFileReference; explicitFileType = wrapper.framework; includeInIndex = 0; path = Pods_SPHTestUITests.framework; sourceTree = BUILT_PRODUCTS_DIR; };
		B1D72A5A00829272E4F118FD /* Pods-SPHTestUITests.debug.xcconfig */ = {isa = PBXFileReference; includeInIndex = 1; lastKnownFileType = text.xcconfig; name = "Pods-SPHTestUITests.debug.xcconfig"; path = "Target Support Files/Pods-SPHTestUITests/Pods-SPHTestUITests.debug.xcconfig"; sourceTree = "<group>"; };
		EBEF6994BE02EE0F1A6F0483 /* Pods_SPHTest.framework */ = {isa = PBXFileReference; explicitFileType = wrapper.framework; includeInIndex = 0; path = Pods_SPHTest.framework; sourceTree = BUILT_PRODUCTS_DIR; };
/* End PBXFileReference section */

/* Begin PBXFrameworksBuildPhase section */
		929AF5382347310000646FD1 /* Frameworks */ = {
			isa = PBXFrameworksBuildPhase;
			buildActionMask = 2147483647;
			files = (
				0B8C5BC641E252747D27E60A /* Pods_SPHTest.framework in Frameworks */,
			);
			runOnlyForDeploymentPostprocessing = 0;
		};
		929AF54F2347310300646FD1 /* Frameworks */ = {
			isa = PBXFrameworksBuildPhase;
			buildActionMask = 2147483647;
			files = (
				F86C9AD1D2E55612FB25DA3B /* Pods_SPHTestTests.framework in Frameworks */,
			);
			runOnlyForDeploymentPostprocessing = 0;
		};
		929AF55A2347310300646FD1 /* Frameworks */ = {
			isa = PBXFrameworksBuildPhase;
			buildActionMask = 2147483647;
			files = (
				F0E90BBC1F22F94B9A0FE29D /* Pods_SPHTestUITests.framework in Frameworks */,
			);
			runOnlyForDeploymentPostprocessing = 0;
		};
/* End PBXFrameworksBuildPhase section */

/* Begin PBXGroup section */
		32AD79E900EEB452D70C6EDD /* Frameworks */ = {
			isa = PBXGroup;
			children = (
				EBEF6994BE02EE0F1A6F0483 /* Pods_SPHTest.framework */,
				00C064A461279C164362D3BF /* Pods_SPHTestTests.framework */,
				A289B1CD94F9DEFB772207CC /* Pods_SPHTestUITests.framework */,
			);
			name = Frameworks;
			sourceTree = "<group>";
		};
		74981EF2D103FCAE149EA45C /* Pods */ = {
			isa = PBXGroup;
			children = (
				1C8C3CA59EA26303B488BADF /* Pods-SPHTest.debug.xcconfig */,
				48216C0A80213853E0CF8C43 /* Pods-SPHTest.release.xcconfig */,
				2160A2AAB6091338224162E2 /* Pods-SPHTestTests.debug.xcconfig */,
				163538186A16E3898F3CB1F2 /* Pods-SPHTestTests.release.xcconfig */,
				B1D72A5A00829272E4F118FD /* Pods-SPHTestUITests.debug.xcconfig */,
				9908E758E6BA0FEA7A26F19F /* Pods-SPHTestUITests.release.xcconfig */,
			);
			path = Pods;
			sourceTree = "<group>";
		};
		929AF5322347310000646FD1 = {
			isa = PBXGroup;
			children = (
				929AF53D2347310000646FD1 /* SPHTest */,
				929AF5552347310300646FD1 /* SPHTestTests */,
				929AF5602347310300646FD1 /* SPHTestUITests */,
				929AF53C2347310000646FD1 /* Products */,
				74981EF2D103FCAE149EA45C /* Pods */,
				32AD79E900EEB452D70C6EDD /* Frameworks */,
			);
			sourceTree = "<group>";
		};
		929AF53C2347310000646FD1 /* Products */ = {
			isa = PBXGroup;
			children = (
				929AF53B2347310000646FD1 /* SPHTest.app */,
				929AF5522347310300646FD1 /* SPHTestTests.xctest */,
				929AF55D2347310300646FD1 /* SPHTestUITests.xctest */,
			);
			name = Products;
			sourceTree = "<group>";
		};
		929AF53D2347310000646FD1 /* SPHTest */ = {
			isa = PBXGroup;
			children = (
				929AF53E2347310000646FD1 /* AppDelegate.swift */,
				929AF5402347310000646FD1 /* ViewController.swift */,
				929AF5422347310000646FD1 /* Main.storyboard */,
				929AF571234733C100646FD1 /* TableViewCell.swift */,
				929AF5752347351C00646FD1 /* APIManager.swift */,
				929AF5772347354F00646FD1 /* GlobalVariable.swift */,
				929AF572234733C100646FD1 /* TableViewCell.xib */,
				929AF5482347310300646FD1 /* Assets.xcassets */,
				929AF54A2347310300646FD1 /* LaunchScreen.storyboard */,
				929AF54D2347310300646FD1 /* Info.plist */,
				929AF5452347310000646FD1 /* SPHTest.xcdatamodeld */,
			);
			path = SPHTest;
			sourceTree = "<group>";
		};
		929AF5552347310300646FD1 /* SPHTestTests */ = {
			isa = PBXGroup;
			children = (
				929AF5562347310300646FD1 /* SPHTestTests.swift */,
				929AF5582347310300646FD1 /* Info.plist */,
			);
			path = SPHTestTests;
			sourceTree = "<group>";
		};
		929AF5602347310300646FD1 /* SPHTestUITests */ = {
			isa = PBXGroup;
			children = (
				929AF5612347310300646FD1 /* SPHTestUITests.swift */,
				929AF5632347310300646FD1 /* Info.plist */,
			);
			path = SPHTestUITests;
			sourceTree = "<group>";
		};
/* End PBXGroup section */

/* Begin PBXNativeTarget section */
		929AF53A2347310000646FD1 /* SPHTest */ = {
			isa = PBXNativeTarget;
			buildConfigurationList = 929AF5662347310300646FD1 /* Build configuration list for PBXNativeTarget "SPHTest" */;
			buildPhases = (
				1196CB9B0D2430E9F149B1CC /* [CP] Check Pods Manifest.lock */,
				929AF5372347310000646FD1 /* Sources */,
				929AF5382347310000646FD1 /* Frameworks */,
				929AF5392347310000646FD1 /* Resources */,
				AEB7245B0BB3A19026E28991 /* [CP] Embed Pods Frameworks */,
			);
			buildRules = (
			);
			dependencies = (
			);
			name = SPHTest;
			productName = SPHTest;
			productReference = 929AF53B2347310000646FD1 /* SPHTest.app */;
			productType = "com.apple.product-type.application";
		};
		929AF5512347310300646FD1 /* SPHTestTests */ = {
			isa = PBXNativeTarget;
			buildConfigurationList = 929AF5692347310300646FD1 /* Build configuration list for PBXNativeTarget "SPHTestTests" */;
			buildPhases = (
				458CAF28B3F923DE82199D11 /* [CP] Check Pods Manifest.lock */,
				929AF54E2347310300646FD1 /* Sources */,
				929AF54F2347310300646FD1 /* Frameworks */,
				929AF5502347310300646FD1 /* Resources */,
			);
			buildRules = (
			);
			dependencies = (
				929AF5542347310300646FD1 /* PBXTargetDependency */,
			);
			name = SPHTestTests;
			productName = SPHTestTests;
			productReference = 929AF5522347310300646FD1 /* SPHTestTests.xctest */;
			productType = "com.apple.product-type.bundle.unit-test";
		};
		929AF55C2347310300646FD1 /* SPHTestUITests */ = {
			isa = PBXNativeTarget;
			buildConfigurationList = 929AF56C2347310300646FD1 /* Build configuration list for PBXNativeTarget "SPHTestUITests" */;
			buildPhases = (
				AE5E84DA534E734E9A038F83 /* [CP] Check Pods Manifest.lock */,
				929AF5592347310300646FD1 /* Sources */,
				929AF55A2347310300646FD1 /* Frameworks */,
				929AF55B2347310300646FD1 /* Resources */,
			);
			buildRules = (
			);
			dependencies = (
				929AF55F2347310300646FD1 /* PBXTargetDependency */,
			);
			name = SPHTestUITests;
			productName = SPHTestUITests;
			productReference = 929AF55D2347310300646FD1 /* SPHTestUITests.xctest */;
			productType = "com.apple.product-type.bundle.ui-testing";
		};
/* End PBXNativeTarget section */

/* Begin PBXProject section */
		929AF5332347310000646FD1 /* Project object */ = {
			isa = PBXProject;
			attributes = {
				LastSwiftUpdateCheck = 1030;
				LastUpgradeCheck = 1030;
				ORGANIZATIONNAME = "YAP HAO XUAN";
				TargetAttributes = {
					929AF53A2347310000646FD1 = {
						CreatedOnToolsVersion = 10.3;
					};
					929AF5512347310300646FD1 = {
						CreatedOnToolsVersion = 10.3;
						TestTargetID = 929AF53A2347310000646FD1;
					};
					929AF55C2347310300646FD1 = {
						CreatedOnToolsVersion = 10.3;
						TestTargetID = 929AF53A2347310000646FD1;
					};
				};
			};
			buildConfigurationList = 929AF5362347310000646FD1 /* Build configuration list for PBXProject "SPHTest" */;
			compatibilityVersion = "Xcode 9.3";
			developmentRegion = en;
			hasScannedForEncodings = 0;
			knownRegions = (
				en,
				Base,
			);
			mainGroup = 929AF5322347310000646FD1;
			productRefGroup = 929AF53C2347310000646FD1 /* Products */;
			projectDirPath = "";
			projectRoot = "";
			targets = (
				929AF53A2347310000646FD1 /* SPHTest */,
				929AF5512347310300646FD1 /* SPHTestTests */,
				929AF55C2347310300646FD1 /* SPHTestUITests */,
			);
		};
/* End PBXProject section */

/* Begin PBXResourcesBuildPhase section */
		929AF5392347310000646FD1 /* Resources */ = {
			isa = PBXResourcesBuildPhase;
			buildActionMask = 2147483647;
			files = (
				929AF54C2347310300646FD1 /* LaunchScreen.storyboard in Resources */,
				929AF574234733C100646FD1 /* TableViewCell.xib in Resources */,
				929AF5492347310300646FD1 /* Assets.xcassets in Resources */,
				929AF5442347310000646FD1 /* Main.storyboard in Resources */,
			);
			runOnlyForDeploymentPostprocessing = 0;
		};
		929AF5502347310300646FD1 /* Resources */ = {
			isa = PBXResourcesBuildPhase;
			buildActionMask = 2147483647;
			files = (
			);
			runOnlyForDeploymentPostprocessing = 0;
		};
		929AF55B2347310300646FD1 /* Resources */ = {
			isa = PBXResourcesBuildPhase;
			buildActionMask = 2147483647;
			files = (
			);
			runOnlyForDeploymentPostprocessing = 0;
		};
/* End PBXResourcesBuildPhase section */

/* Begin PBXShellScriptBuildPhase section */
		1196CB9B0D2430E9F149B1CC /* [CP] Check Pods Manifest.lock */ = {
			isa = PBXShellScriptBuildPhase;
			buildActionMask = 2147483647;
			files = (
			);
			inputFileListPaths = (
			);
			inputPaths = (
				"${PODS_PODFILE_DIR_PATH}/Podfile.lock",
				"${PODS_ROOT}/Manifest.lock",
			);
			name = "[CP] Check Pods Manifest.lock";
			outputFileListPaths = (
			);
			outputPaths = (
				"$(DERIVED_FILE_DIR)/Pods-SPHTest-checkManifestLockResult.txt",
			);
			runOnlyForDeploymentPostprocessing = 0;
			shellPath = /bin/sh;
			shellScript = "diff \"${PODS_PODFILE_DIR_PATH}/Podfile.lock\" \"${PODS_ROOT}/Manifest.lock\" > /dev/null\nif [ $? != 0 ] ; then\n    # print error to STDERR\n    echo \"error: The sandbox is not in sync with the Podfile.lock. Run 'pod install' or update your CocoaPods installation.\" >&2\n    exit 1\nfi\n# This output is used by Xcode 'outputs' to avoid re-running this script phase.\necho \"SUCCESS\" > \"${SCRIPT_OUTPUT_FILE_0}\"\n";
			showEnvVarsInLog = 0;
		};
		458CAF28B3F923DE82199D11 /* [CP] Check Pods Manifest.lock */ = {
			isa = PBXShellScriptBuildPhase;
			buildActionMask = 2147483647;
			files = (
			);
			inputFileListPaths = (
			);
			inputPaths = (
				"${PODS_PODFILE_DIR_PATH}/Podfile.lock",
				"${PODS_ROOT}/Manifest.lock",
			);
			name = "[CP] Check Pods Manifest.lock";
			outputFileListPaths = (
			);
			outputPaths = (
				"$(DERIVED_FILE_DIR)/Pods-SPHTestTests-checkManifestLockResult.txt",
			);
			runOnlyForDeploymentPostprocessing = 0;
			shellPath = /bin/sh;
			shellScript = "diff \"${PODS_PODFILE_DIR_PATH}/Podfile.lock\" \"${PODS_ROOT}/Manifest.lock\" > /dev/null\nif [ $? != 0 ] ; then\n    # print error to STDERR\n    echo \"error: The sandbox is not in sync with the Podfile.lock. Run 'pod install' or update your CocoaPods installation.\" >&2\n    exit 1\nfi\n# This output is used by Xcode 'outputs' to avoid re-running this script phase.\necho \"SUCCESS\" > \"${SCRIPT_OUTPUT_FILE_0}\"\n";
			showEnvVarsInLog = 0;
		};
		AE5E84DA534E734E9A038F83 /* [CP] Check Pods Manifest.lock */ = {
			isa = PBXShellScriptBuildPhase;
			buildActionMask = 2147483647;
			files = (
			);
			inputFileListPaths = (
			);
			inputPaths = (
				"${PODS_PODFILE_DIR_PATH}/Podfile.lock",
				"${PODS_ROOT}/Manifest.lock",
			);
			name = "[CP] Check Pods Manifest.lock";
			outputFileListPaths = (
			);
			outputPaths = (
				"$(DERIVED_FILE_DIR)/Pods-SPHTestUITests-checkManifestLockResult.txt",
			);
			runOnlyForDeploymentPostprocessing = 0;
			shellPath = /bin/sh;
			shellScript = "diff \"${PODS_PODFILE_DIR_PATH}/Podfile.lock\" \"${PODS_ROOT}/Manifest.lock\" > /dev/null\nif [ $? != 0 ] ; then\n    # print error to STDERR\n    echo \"error: The sandbox is not in sync with the Podfile.lock. Run 'pod install' or update your CocoaPods installation.\" >&2\n    exit 1\nfi\n# This output is used by Xcode 'outputs' to avoid re-running this script phase.\necho \"SUCCESS\" > \"${SCRIPT_OUTPUT_FILE_0}\"\n";
			showEnvVarsInLog = 0;
		};
		AEB7245B0BB3A19026E28991 /* [CP] Embed Pods Frameworks */ = {
			isa = PBXShellScriptBuildPhase;
			buildActionMask = 2147483647;
			files = (
			);
			inputFileListPaths = (
				"${PODS_ROOT}/Target Support Files/Pods-SPHTest/Pods-SPHTest-frameworks-${CONFIGURATION}-input-files.xcfilelist",
			);
			name = "[CP] Embed Pods Frameworks";
			outputFileListPaths = (
				"${PODS_ROOT}/Target Support Files/Pods-SPHTest/Pods-SPHTest-frameworks-${CONFIGURATION}-output-files.xcfilelist",
			);
			runOnlyForDeploymentPostprocessing = 0;
			shellPath = /bin/sh;
			shellScript = "\"${PODS_ROOT}/Target Support Files/Pods-SPHTest/Pods-SPHTest-frameworks.sh\"\n";
			showEnvVarsInLog = 0;
		};
/* End PBXShellScriptBuildPhase section */

/* Begin PBXSourcesBuildPhase section */
		929AF5372347310000646FD1 /* Sources */ = {
			isa = PBXSourcesBuildPhase;
			buildActionMask = 2147483647;
			files = (
				929AF5472347310000646FD1 /* SPHTest.xcdatamodeld in Sources */,
				929AF573234733C100646FD1 /* TableViewCell.swift in Sources */,
				929AF5782347355600646FD1 /* GlobalVariable.swift in Sources */,
				929AF5762347351C00646FD1 /* APIManager.swift in Sources */,
				929AF5412347310000646FD1 /* ViewController.swift in Sources */,
				929AF53F2347310000646FD1 /* AppDelegate.swift in Sources */,
			);
			runOnlyForDeploymentPostprocessing = 0;
		};
		929AF54E2347310300646FD1 /* Sources */ = {
			isa = PBXSourcesBuildPhase;
			buildActionMask = 2147483647;
			files = (
				929AF5572347310300646FD1 /* SPHTestTests.swift in Sources */,
			);
			runOnlyForDeploymentPostprocessing = 0;
		};
		929AF5592347310300646FD1 /* Sources */ = {
			isa = PBXSourcesBuildPhase;
			buildActionMask = 2147483647;
			files = (
				929AF5622347310300646FD1 /* SPHTestUITests.swift in Sources */,
			);
			runOnlyForDeploymentPostprocessing = 0;
		};
/* End PBXSourcesBuildPhase section */

/* Begin PBXTargetDependency section */
		929AF5542347310300646FD1 /* PBXTargetDependency */ = {
			isa = PBXTargetDependency;
			target = 929AF53A2347310000646FD1 /* SPHTest */;
			targetProxy = 929AF5532347310300646FD1 /* PBXContainerItemProxy */;
		};
		929AF55F2347310300646FD1 /* PBXTargetDependency */ = {
			isa = PBXTargetDependency;
			target = 929AF53A2347310000646FD1 /* SPHTest */;
			targetProxy = 929AF55E2347310300646FD1 /* PBXContainerItemProxy */;
		};
/* End PBXTargetDependency section */

/* Begin PBXVariantGroup section */
		929AF5422347310000646FD1 /* Main.storyboard */ = {
			isa = PBXVariantGroup;
			children = (
				929AF5432347310000646FD1 /* Base */,
			);
			name = Main.storyboard;
			sourceTree = "<group>";
		};
		929AF54A2347310300646FD1 /* LaunchScreen.storyboard */ = {
			isa = PBXVariantGroup;
			children = (
				929AF54B2347310300646FD1 /* Base */,
			);
			name = LaunchScreen.storyboard;
			sourceTree = "<group>";
		};
/* End PBXVariantGroup section */

/* Begin XCBuildConfiguration section */
		929AF5642347310300646FD1 /* Debug */ = {
			isa = XCBuildConfiguration;
			buildSettings = {
				ALWAYS_SEARCH_USER_PATHS = NO;
				CLANG_ANALYZER_NONNULL = YES;
				CLANG_ANALYZER_NUMBER_OBJECT_CONVERSION = YES_AGGRESSIVE;
				CLANG_CXX_LANGUAGE_STANDARD = "gnu++14";
				CLANG_CXX_LIBRARY = "libc++";
				CLANG_ENABLE_MODULES = YES;
				CLANG_ENABLE_OBJC_ARC = YES;
				CLANG_ENABLE_OBJC_WEAK = YES;
				CLANG_WARN_BLOCK_CAPTURE_AUTORELEASING = YES;
				CLANG_WARN_BOOL_CONVERSION = YES;
				CLANG_WARN_COMMA = YES;
				CLANG_WARN_CONSTANT_CONVERSION = YES;
				CLANG_WARN_DEPRECATED_OBJC_IMPLEMENTATIONS = YES;
				CLANG_WARN_DIRECT_OBJC_ISA_USAGE = YES_ERROR;
				CLANG_WARN_DOCUMENTATION_COMMENTS = YES;
				CLANG_WARN_EMPTY_BODY = YES;
				CLANG_WARN_ENUM_CONVERSION = YES;
				CLANG_WARN_INFINITE_RECURSION = YES;
				CLANG_WARN_INT_CONVERSION = YES;
				CLANG_WARN_NON_LITERAL_NULL_CONVERSION = YES;
				CLANG_WARN_OBJC_IMPLICIT_RETAIN_SELF = YES;
				CLANG_WARN_OBJC_LITERAL_CONVERSION = YES;
				CLANG_WARN_OBJC_ROOT_CLASS = YES_ERROR;
				CLANG_WARN_RANGE_LOOP_ANALYSIS = YES;
				CLANG_WARN_STRICT_PROTOTYPES = YES;
				CLANG_WARN_SUSPICIOUS_MOVE = YES;
				CLANG_WARN_UNGUARDED_AVAILABILITY = YES_AGGRESSIVE;
				CLANG_WARN_UNREACHABLE_CODE = YES;
				CLANG_WARN__DUPLICATE_METHOD_MATCH = YES;
				CODE_SIGN_IDENTITY = "iPhone Developer";
				COPY_PHASE_STRIP = NO;
				DEBUG_INFORMATION_FORMAT = dwarf;
				ENABLE_STRICT_OBJC_MSGSEND = YES;
				ENABLE_TESTABILITY = YES;
				GCC_C_LANGUAGE_STANDARD = gnu11;
				GCC_DYNAMIC_NO_PIC = NO;
				GCC_NO_COMMON_BLOCKS = YES;
				GCC_OPTIMIZATION_LEVEL = 0;
				GCC_PREPROCESSOR_DEFINITIONS = (
					"DEBUG=1",
					"$(inherited)",
				);
				GCC_WARN_64_TO_32_BIT_CONVERSION = YES;
				GCC_WARN_ABOUT_RETURN_TYPE = YES_ERROR;
				GCC_WARN_UNDECLARED_SELECTOR = YES;
				GCC_WARN_UNINITIALIZED_AUTOS = YES_AGGRESSIVE;
				GCC_WARN_UNUSED_FUNCTION = YES;
				GCC_WARN_UNUSED_VARIABLE = YES;
				IPHONEOS_DEPLOYMENT_TARGET = 12.4;
				MTL_ENABLE_DEBUG_INFO = INCLUDE_SOURCE;
				MTL_FAST_MATH = YES;
				ONLY_ACTIVE_ARCH = YES;
				SDKROOT = iphoneos;
				SWIFT_ACTIVE_COMPILATION_CONDITIONS = DEBUG;
				SWIFT_OPTIMIZATION_LEVEL = "-Onone";
			};
			name = Debug;
		};
		929AF5652347310300646FD1 /* Release */ = {
			isa = XCBuildConfiguration;
			buildSettings = {
				ALWAYS_SEARCH_USER_PATHS = NO;
				CLANG_ANALYZER_NONNULL = YES;
				CLANG_ANALYZER_NUMBER_OBJECT_CONVERSION = YES_AGGRESSIVE;
				CLANG_CXX_LANGUAGE_STANDARD = "gnu++14";
				CLANG_CXX_LIBRARY = "libc++";
				CLANG_ENABLE_MODULES = YES;
				CLANG_ENABLE_OBJC_ARC = YES;
				CLANG_ENABLE_OBJC_WEAK = YES;
				CLANG_WARN_BLOCK_CAPTURE_AUTORELEASING = YES;
				CLANG_WARN_BOOL_CONVERSION = YES;
				CLANG_WARN_COMMA = YES;
				CLANG_WARN_CONSTANT_CONVERSION = YES;
				CLANG_WARN_DEPRECATED_OBJC_IMPLEMENTATIONS = YES;
				CLANG_WARN_DIRECT_OBJC_ISA_USAGE = YES_ERROR;
				CLANG_WARN_DOCUMENTATION_COMMENTS = YES;
				CLANG_WARN_EMPTY_BODY = YES;
				CLANG_WARN_ENUM_CONVERSION = YES;
				CLANG_WARN_INFINITE_RECURSION = YES;
				CLANG_WARN_INT_CONVERSION = YES;
				CLANG_WARN_NON_LITERAL_NULL_CONVERSION = YES;
				CLANG_WARN_OBJC_IMPLICIT_RETAIN_SELF = YES;
				CLANG_WARN_OBJC_LITERAL_CONVERSION = YES;
				CLANG_WARN_OBJC_ROOT_CLASS = YES_ERROR;
				CLANG_WARN_RANGE_LOOP_ANALYSIS = YES;
				CLANG_WARN_STRICT_PROTOTYPES = YES;
				CLANG_WARN_SUSPICIOUS_MOVE = YES;
				CLANG_WARN_UNGUARDED_AVAILABILITY = YES_AGGRESSIVE;
				CLANG_WARN_UNREACHABLE_CODE = YES;
				CLANG_WARN__DUPLICATE_METHOD_MATCH = YES;
				CODE_SIGN_IDENTITY = "iPhone Developer";
				COPY_PHASE_STRIP = NO;
				DEBUG_INFORMATION_FORMAT = "dwarf-with-dsym";
				ENABLE_NS_ASSERTIONS = NO;
				ENABLE_STRICT_OBJC_MSGSEND = YES;
				GCC_C_LANGUAGE_STANDARD = gnu11;
				GCC_NO_COMMON_BLOCKS = YES;
				GCC_WARN_64_TO_32_BIT_CONVERSION = YES;
				GCC_WARN_ABOUT_RETURN_TYPE = YES_ERROR;
				GCC_WARN_UNDECLARED_SELECTOR = YES;
				GCC_WARN_UNINITIALIZED_AUTOS = YES_AGGRESSIVE;
				GCC_WARN_UNUSED_FUNCTION = YES;
				GCC_WARN_UNUSED_VARIABLE = YES;
				IPHONEOS_DEPLOYMENT_TARGET = 12.4;
				MTL_ENABLE_DEBUG_INFO = NO;
				MTL_FAST_MATH = YES;
				SDKROOT = iphoneos;
				SWIFT_COMPILATION_MODE = wholemodule;
				SWIFT_OPTIMIZATION_LEVEL = "-O";
				VALIDATE_PRODUCT = YES;
			};
			name = Release;
		};
		929AF5672347310300646FD1 /* Debug */ = {
			isa = XCBuildConfiguration;
			baseConfigurationReference = 1C8C3CA59EA26303B488BADF /* Pods-SPHTest.debug.xcconfig */;
			buildSettings = {
				ASSETCATALOG_COMPILER_APPICON_NAME = AppIcon;
				CODE_SIGN_STYLE = Automatic;
				INFOPLIST_FILE = SPHTest/Info.plist;
				LD_RUNPATH_SEARCH_PATHS = (
					"$(inherited)",
					"@executable_path/Frameworks",
				);
				PRODUCT_BUNDLE_IDENTIFIER = sph.SPHTest;
				PRODUCT_NAME = "$(TARGET_NAME)";
				SWIFT_VERSION = 5.0;
				TARGETED_DEVICE_FAMILY = "1,2";
			};
			name = Debug;
		};
		929AF5682347310300646FD1 /* Release */ = {
			isa = XCBuildConfiguration;
			baseConfigurationReference = 48216C0A80213853E0CF8C43 /* Pods-SPHTest.release.xcconfig */;
			buildSettings = {
				ASSETCATALOG_COMPILER_APPICON_NAME = AppIcon;
				CODE_SIGN_STYLE = Automatic;
				INFOPLIST_FILE = SPHTest/Info.plist;
				LD_RUNPATH_SEARCH_PATHS = (
					"$(inherited)",
					"@executable_path/Frameworks",
				);
				PRODUCT_BUNDLE_IDENTIFIER = sph.SPHTest;
				PRODUCT_NAME = "$(TARGET_NAME)";
				SWIFT_VERSION = 5.0;
				TARGETED_DEVICE_FAMILY = "1,2";
			};
			name = Release;
		};
		929AF56A2347310300646FD1 /* Debug */ = {
			isa = XCBuildConfiguration;
			baseConfigurationReference = 2160A2AAB6091338224162E2 /* Pods-SPHTestTests.debug.xcconfig */;
			buildSettings = {
				ALWAYS_EMBED_SWIFT_STANDARD_LIBRARIES = YES;
				BUNDLE_LOADER = "$(TEST_HOST)";
				CODE_SIGN_STYLE = Automatic;
				INFOPLIST_FILE = SPHTestTests/Info.plist;
				LD_RUNPATH_SEARCH_PATHS = (
					"$(inherited)",
					"@executable_path/Frameworks",
					"@loader_path/Frameworks",
				);
				PRODUCT_BUNDLE_IDENTIFIER = sph.SPHTestTests;
				PRODUCT_NAME = "$(TARGET_NAME)";
				SWIFT_VERSION = 5.0;
				TARGETED_DEVICE_FAMILY = "1,2";
				TEST_HOST = "$(BUILT_PRODUCTS_DIR)/SPHTest.app/SPHTest";
			};
			name = Debug;
		};
		929AF56B2347310300646FD1 /* Release */ = {
			isa = XCBuildConfiguration;
			baseConfigurationReference = 163538186A16E3898F3CB1F2 /* Pods-SPHTestTests.release.xcconfig */;
			buildSettings = {
				ALWAYS_EMBED_SWIFT_STANDARD_LIBRARIES = YES;
				BUNDLE_LOADER = "$(TEST_HOST)";
				CODE_SIGN_STYLE = Automatic;
				INFOPLIST_FILE = SPHTestTests/Info.plist;
				LD_RUNPATH_SEARCH_PATHS = (
					"$(inherited)",
					"@executable_path/Frameworks",
					"@loader_path/Frameworks",
				);
				PRODUCT_BUNDLE_IDENTIFIER = sph.SPHTestTests;
				PRODUCT_NAME = "$(TARGET_NAME)";
				SWIFT_VERSION = 5.0;
				TARGETED_DEVICE_FAMILY = "1,2";
				TEST_HOST = "$(BUILT_PRODUCTS_DIR)/SPHTest.app/SPHTest";
			};
			name = Release;
		};
		929AF56D2347310300646FD1 /* Debug */ = {
			isa = XCBuildConfiguration;
			baseConfigurationReference = B1D72A5A00829272E4F118FD /* Pods-SPHTestUITests.debug.xcconfig */;
			buildSettings = {
				ALWAYS_EMBED_SWIFT_STANDARD_LIBRARIES = YES;
				CODE_SIGN_STYLE = Automatic;
				INFOPLIST_FILE = SPHTestUITests/Info.plist;
				LD_RUNPATH_SEARCH_PATHS = (
					"$(inherited)",
					"@executable_path/Frameworks",
					"@loader_path/Frameworks",
				);
				PRODUCT_BUNDLE_IDENTIFIER = sph.SPHTestUITests;
				PRODUCT_NAME = "$(TARGET_NAME)";
				SWIFT_VERSION = 5.0;
				TARGETED_DEVICE_FAMILY = "1,2";
				TEST_TARGET_NAME = SPHTest;
			};
			name = Debug;
		};
		929AF56E2347310300646FD1 /* Release */ = {
			isa = XCBuildConfiguration;
			baseConfigurationReference = 9908E758E6BA0FEA7A26F19F /* Pods-SPHTestUITests.release.xcconfig */;
			buildSettings = {
				ALWAYS_EMBED_SWIFT_STANDARD_LIBRARIES = YES;
				CODE_SIGN_STYLE = Automatic;
				INFOPLIST_FILE = SPHTestUITests/Info.plist;
				LD_RUNPATH_SEARCH_PATHS = (
					"$(inherited)",
					"@executable_path/Frameworks",
					"@loader_path/Frameworks",
				);
				PRODUCT_BUNDLE_IDENTIFIER = sph.SPHTestUITests;
				PRODUCT_NAME = "$(TARGET_NAME)";
				SWIFT_VERSION = 5.0;
				TARGETED_DEVICE_FAMILY = "1,2";
				TEST_TARGET_NAME = SPHTest;
			};
			name = Release;
		};
/* End XCBuildConfiguration section */

/* Begin XCConfigurationList section */
		929AF5362347310000646FD1 /* Build configuration list for PBXProject "SPHTest" */ = {
			isa = XCConfigurationList;
			buildConfigurations = (
				929AF5642347310300646FD1 /* Debug */,
				929AF5652347310300646FD1 /* Release */,
			);
			defaultConfigurationIsVisible = 0;
			defaultConfigurationName = Release;
		};
		929AF5662347310300646FD1 /* Build configuration list for PBXNativeTarget "SPHTest" */ = {
			isa = XCConfigurationList;
			buildConfigurations = (
				929AF5672347310300646FD1 /* Debug */,
				929AF5682347310300646FD1 /* Release */,
			);
			defaultConfigurationIsVisible = 0;
			defaultConfigurationName = Release;
		};
		929AF5692347310300646FD1 /* Build configuration list for PBXNativeTarget "SPHTestTests" */ = {
			isa = XCConfigurationList;
			buildConfigurations = (
				929AF56A2347310300646FD1 /* Debug */,
				929AF56B2347310300646FD1 /* Release */,
			);
			defaultConfigurationIsVisible = 0;
			defaultConfigurationName = Release;
		};
		929AF56C2347310300646FD1 /* Build configuration list for PBXNativeTarget "SPHTestUITests" */ = {
			isa = XCConfigurationList;
			buildConfigurations = (
				929AF56D2347310300646FD1 /* Debug */,
				929AF56E2347310300646FD1 /* Release */,
			);
			defaultConfigurationIsVisible = 0;
			defaultConfigurationName = Release;
		};
/* End XCConfigurationList section */

/* Begin XCVersionGroup section */
		929AF5452347310000646FD1 /* SPHTest.xcdatamodeld */ = {
			isa = XCVersionGroup;
			children = (
				929AF5462347310000646FD1 /* SPHTest.xcdatamodel */,
			);
			currentVersion = 929AF5462347310000646FD1 /* SPHTest.xcdatamodel */;
			path = SPHTest.xcdatamodeld;
			sourceTree = "<group>";
			versionGroupType = wrapper.xcdatamodel;
		};
/* End XCVersionGroup section */
	};
	rootObject = 929AF5332347310000646FD1 /* Project object */;
}
